
Microsoft Visual Studio Solution File, Format Version 12.00
# Visual Studio Version 17
VisualStudioVersion = 17.10.35122.118
MinimumVisualStudioVersion = 10.0.40219.1
Project("{9A19103F-16F7-4668-BE54-9A1E7A4F7556}") = "RegistersProject", "RegistersProject\RegistersProject.csproj", "{7EF18C32-0C4E-4470-858D-7876DAF7183A}"
EndProject
Project("{FAE04EC0-301F-11D3-BF4B-00C04F79EFBC}") = "backend", "backend\backend.csproj", "{F9327BCE-488F-4ADE-B0CC-1BECBAEDC43E}"
EndProject
Global
	GlobalSection(SolutionConfigurationPlatforms) = preSolution
		Debug|Any CPU = Debug|Any CPU
		Release|Any CPU = Release|Any CPU
	EndGlobalSection
	GlobalSection(ProjectConfigurationPlatforms) = postSolution
		{7EF18C32-0C4E-4470-858D-7876DAF7183A}.Debug|Any CPU.ActiveCfg = Debug|Any CPU
		{7EF18C32-0C4E-4470-858D-7876DAF7183A}.Debug|Any CPU.Build.0 = Debug|Any CPU
		{7EF18C32-0C4E-4470-858D-7876DAF7183A}.Release|Any CPU.ActiveCfg = Release|Any CPU
		{7EF18C32-0C4E-4470-858D-7876DAF7183A}.Release|Any CPU.Build.0 = Release|Any CPU
		{F9327BCE-488F-4ADE-B0CC-1BECBAEDC43E}.Debug|Any CPU.ActiveCfg = Debug|Any CPU
		{F9327BCE-488F-4ADE-B0CC-1BECBAEDC43E}.Debug|Any CPU.Build.0 = Debug|Any CPU
		{F9327BCE-488F-4ADE-B0CC-1BECBAEDC43E}.Release|Any CPU.ActiveCfg = Release|Any CPU
		{F9327BCE-488F-4ADE-B0CC-1BECBAEDC43E}.Release|Any CPU.Build.0 = Release|Any CPU
	EndGlobalSection
	GlobalSection(SolutionProperties) = preSolution
		HideSolutionNode = FALSE
	EndGlobalSection
	GlobalSection(ExtensibilityGlobals) = postSolution
		SolutionGuid = {63AFF30C-0AC9-41CA-B717-82D2DC9E7A40}
	EndGlobalSection
EndGlobal
